
Microsoft Visual Studio Solution File, Format Version 12.00
# Visual Studio Version 17
VisualStudioVersion = 17.5.002.0
MinimumVisualStudioVersion = 10.0.40219.1
Project("{9A19103F-16F7-4668-BE54-9A1E7A4F7556}") = "AnfieldTaekwondo", "AnfieldTaekwondo.csproj", "{CA49F8BC-433B-4154-A384-34A1195E4A8D}"
EndProject
Global
	GlobalSection(SolutionConfigurationPlatforms) = preSolution
		Debug|Any CPU = Debug|Any CPU
		Release|Any CPU = Release|Any CPU
	EndGlobalSection
	GlobalSection(ProjectConfigurationPlatforms) = postSolution
		{CA49F8BC-433B-4154-A384-34A1195E4A8D}.Debug|Any CPU.ActiveCfg = Debug|Any CPU
		{CA49F8BC-433B-4154-A384-34A1195E4A8D}.Debug|Any CPU.Build.0 = Debug|Any CPU
		{CA49F8BC-433B-4154-A384-34A1195E4A8D}.Release|Any CPU.ActiveCfg = Release|Any CPU
		{CA49F8BC-433B-4154-A384-34A1195E4A8D}.Release|Any CPU.Build.0 = Release|Any CPU
	EndGlobalSection
	GlobalSection(SolutionProperties) = preSolution
		HideSolutionNode = FALSE
	EndGlobalSection
	GlobalSection(ExtensibilityGlobals) = postSolution
		SolutionGuid = {E7D96E86-C897-47A9-9EAA-AA38D0C291C1}
	EndGlobalSection
EndGlobal
